
Microsoft Visual Studio Solution File, Format Version 12.00
# Visual Studio Version 17
VisualStudioVersion = 17.3.32929.385
MinimumVisualStudioVersion = 10.0.40219.1
Project("{FAE04EC0-301F-11D3-BF4B-00C04F79EFBC}") = "Project WebProg", "Project WebProg\Project WebProg.csproj", "{60024F2A-F85C-4D4E-97F9-F3347BE7DB2C}"
EndProject
Global
	GlobalSection(SolutionConfigurationPlatforms) = preSolution
		Debug|Any CPU = Debug|Any CPU
		Release|Any CPU = Release|Any CPU
	EndGlobalSection
	GlobalSection(ProjectConfigurationPlatforms) = postSolution
		{60024F2A-F85C-4D4E-97F9-F3347BE7DB2C}.Debug|Any CPU.ActiveCfg = Debug|Any CPU
		{60024F2A-F85C-4D4E-97F9-F3347BE7DB2C}.Debug|Any CPU.Build.0 = Debug|Any CPU
		{60024F2A-F85C-4D4E-97F9-F3347BE7DB2C}.Release|Any CPU.ActiveCfg = Release|Any CPU
		{60024F2A-F85C-4D4E-97F9-F3347BE7DB2C}.Release|Any CPU.Build.0 = Release|Any CPU
	EndGlobalSection
	GlobalSection(SolutionProperties) = preSolution
		HideSolutionNode = FALSE
	EndGlobalSection
	GlobalSection(ExtensibilityGlobals) = postSolution
		SolutionGuid = {EE8142DB-DD09-44B9-A9CC-C5BC86F88AE4}
	EndGlobalSection
EndGlobal
